// !$*UTF8*$!
{
	archiveVersion = 1;
	classes = {
	};
	objectVersion = 50;
	objects = {

/* Begin PBXBuildFile section */
		CF0DF02E226FF97B00E3FB85 /* fountainpen@2x.png in Resources */ = {isa = PBXBuildFile; fileRef = CF0DF02D226FF97B00E3FB85 /* fountainpen@2x.png */; };
		CF1D0B17226ED0650064217F /* AppDelegate.swift in Sources */ = {isa = PBXBuildFile; fileRef = CF1D0B16226ED0650064217F /* AppDelegate.swift */; };
		CF1D0B1C226ED0650064217F /* Main.storyboard in Resources */ = {isa = PBXBuildFile; fileRef = CF1D0B1A226ED0650064217F /* Main.storyboard */; };
		CF1D0B1F226ED0650064217F /* MyMemory.xcdatamodeld in Sources */ = {isa = PBXBuildFile; fileRef = CF1D0B1D226ED0650064217F /* MyMemory.xcdatamodeld */; };
		CF1D0B21226ED0660064217F /* Assets.xcassets in Resources */ = {isa = PBXBuildFile; fileRef = CF1D0B20226ED0660064217F /* Assets.xcassets */; };
		CF1D0B24226ED0660064217F /* LaunchScreen.storyboard in Resources */ = {isa = PBXBuildFile; fileRef = CF1D0B22226ED0660064217F /* LaunchScreen.storyboard */; };
		CF1D0B2C226EE07E0064217F /* MemoListVC.swift in Sources */ = {isa = PBXBuildFile; fileRef = CF1D0B2B226EE07E0064217F /* MemoListVC.swift */; };
		CF1D0B2E226EE0E30064217F /* MemoFormVC.swift in Sources */ = {isa = PBXBuildFile; fileRef = CF1D0B2D226EE0E30064217F /* MemoFormVC.swift */; };
		CF1D0B30226EE0F30064217F /* MemoReadVC.swift in Sources */ = {isa = PBXBuildFile; fileRef = CF1D0B2F226EE0F20064217F /* MemoReadVC.swift */; };
		CF1D0B32226EE1220064217F /* MemoCell.swift in Sources */ = {isa = PBXBuildFile; fileRef = CF1D0B31226EE1220064217F /* MemoCell.swift */; };
		CF1D0B34226EE1500064217F /* MemoData.swift in Sources */ = {isa = PBXBuildFile; fileRef = CF1D0B33226EE1500064217F /* MemoData.swift */; };
		CF41A81B227B42E100F5D64C /* UserInfoManager.swift in Sources */ = {isa = PBXBuildFile; fileRef = CF41A81A227B42E100F5D64C /* UserInfoManager.swift */; };
		CF41A81D227C3CE500F5D64C /* Tutorial.storyboard in Resources */ = {isa = PBXBuildFile; fileRef = CF41A81C227C3CE500F5D64C /* Tutorial.storyboard */; };
		CF41A81F227C414D00F5D64C /* Utils.swift in Sources */ = {isa = PBXBuildFile; fileRef = CF41A81E227C414D00F5D64C /* Utils.swift */; };
		CF41A821227C41E200F5D64C /* TutorialContentsVC.swift in Sources */ = {isa = PBXBuildFile; fileRef = CF41A820227C41E200F5D64C /* TutorialContentsVC.swift */; };
		CF41A824227C431D00F5D64C /* TutorialMasterVC.swift in Sources */ = {isa = PBXBuildFile; fileRef = CF41A823227C431D00F5D64C /* TutorialMasterVC.swift */; };
		CFAE3FDF22781FE400B19ACD /* CSLogButton.swift in Sources */ = {isa = PBXBuildFile; fileRef = CFAE3FDE22781FE400B19ACD /* CSLogButton.swift */; };
		CFAE3FE32278209B00B19ACD /* memo-background@2x.png in Resources */ = {isa = PBXBuildFile; fileRef = CFAE3FE02278209B00B19ACD /* memo-background@2x.png */; };
		CFAE3FE42278209B00B19ACD /* warning-icon-60@2x.png in Resources */ = {isa = PBXBuildFile; fileRef = CFAE3FE12278209B00B19ACD /* warning-icon-60@2x.png */; };
		CFAE3FE52278209B00B19ACD /* button-bg.png in Resources */ = {isa = PBXBuildFile; fileRef = CFAE3FE22278209B00B19ACD /* button-bg.png */; };
		CFDD0CD9227952F50031B761 /* SWRevealViewController.m in Sources */ = {isa = PBXBuildFile; fileRef = CFDD0CD7227952F50031B761 /* SWRevealViewController.m */; };
		CFDD0CE2227953400031B761 /* profile-bg.png in Resources */ = {isa = PBXBuildFile; fileRef = CFDD0CDA2279533F0031B761 /* profile-bg.png */; };
		CFDD0CE3227953400031B761 /* icon05.png in Resources */ = {isa = PBXBuildFile; fileRef = CFDD0CDB2279533F0031B761 /* icon05.png */; };
		CFDD0CE4227953400031B761 /* sidemenu.png in Resources */ = {isa = PBXBuildFile; fileRef = CFDD0CDC2279533F0031B761 /* sidemenu.png */; };
		CFDD0CE5227953400031B761 /* icon02.png in Resources */ = {isa = PBXBuildFile; fileRef = CFDD0CDD227953400031B761 /* icon02.png */; };
		CFDD0CE6227953400031B761 /* icon03.png in Resources */ = {isa = PBXBuildFile; fileRef = CFDD0CDE227953400031B761 /* icon03.png */; };
		CFDD0CE7227953400031B761 /* icon01.png in Resources */ = {isa = PBXBuildFile; fileRef = CFDD0CDF227953400031B761 /* icon01.png */; };
		CFDD0CE8227953400031B761 /* icon04.png in Resources */ = {isa = PBXBuildFile; fileRef = CFDD0CE0227953400031B761 /* icon04.png */; };
		CFDD0CE9227953400031B761 /* icon06.png in Resources */ = {isa = PBXBuildFile; fileRef = CFDD0CE1227953400031B761 /* icon06.png */; };
		CFDD0CEB227955CA0031B761 /* SideBarVC.swift in Sources */ = {isa = PBXBuildFile; fileRef = CFDD0CEA227955CA0031B761 /* SideBarVC.swift */; };
		CFDD0CED227959310031B761 /* account@2x.jpg in Resources */ = {isa = PBXBuildFile; fileRef = CFDD0CEC227959300031B761 /* account@2x.jpg */; };
		CFDD0CEF22795BEC0031B761 /* ProfileVC.swift in Sources */ = {isa = PBXBuildFile; fileRef = CFDD0CEE22795BEC0031B761 /* ProfileVC.swift */; };
/* End PBXBuildFile section */

/* Begin PBXFileReference section */
		CF0DF02D226FF97B00E3FB85 /* fountainpen@2x.png */ = {isa = PBXFileReference; lastKnownFileType = image.png; path = "fountainpen@2x.png"; sourceTree = "<group>"; };
		CF1D0B13226ED0650064217F /* MyMemory.app */ = {isa = PBXFileReference; explicitFileType = wrapper.application; includeInIndex = 0; path = MyMemory.app; sourceTree = BUILT_PRODUCTS_DIR; };
		CF1D0B16226ED0650064217F /* AppDelegate.swift */ = {isa = PBXFileReference; lastKnownFileType = sourcecode.swift; path = AppDelegate.swift; sourceTree = "<group>"; };
		CF1D0B1B226ED0650064217F /* Base */ = {isa = PBXFileReference; lastKnownFileType = file.storyboard; name = Base; path = Base.lproj/Main.storyboard; sourceTree = "<group>"; };
		CF1D0B1E226ED0650064217F /* MyMemory.xcdatamodel */ = {isa = PBXFileReference; lastKnownFileType = wrapper.xcdatamodel; path = MyMemory.xcdatamodel; sourceTree = "<group>"; };
		CF1D0B20226ED0660064217F /* Assets.xcassets */ = {isa = PBXFileReference; lastKnownFileType = folder.assetcatalog; path = Assets.xcassets; sourceTree = "<group>"; };
		CF1D0B23226ED0660064217F /* Base */ = {isa = PBXFileReference; lastKnownFileType = file.storyboard; name = Base; path = Base.lproj/LaunchScreen.storyboard; sourceTree = "<group>"; };
		CF1D0B25226ED0660064217F /* Info.plist */ = {isa = PBXFileReference; lastKnownFileType = text.plist.xml; path = Info.plist; sourceTree = "<group>"; };
		CF1D0B2B226EE07E0064217F /* MemoListVC.swift */ = {isa = PBXFileReference; lastKnownFileType = sourcecode.swift; path = MemoListVC.swift; sourceTree = "<group>"; };
		CF1D0B2D226EE0E30064217F /* MemoFormVC.swift */ = {isa = PBXFileReference; lastKnownFileType = sourcecode.swift; path = MemoFormVC.swift; sourceTree = "<group>"; };
		CF1D0B2F226EE0F20064217F /* MemoReadVC.swift */ = {isa = PBXFileReference; lastKnownFileType = sourcecode.swift; path = MemoReadVC.swift; sourceTree = "<group>"; };
		CF1D0B31226EE1220064217F /* MemoCell.swift */ = {isa = PBXFileReference; lastKnownFileType = sourcecode.swift; path = MemoCell.swift; sourceTree = "<group>"; };
		CF1D0B33226EE1500064217F /* MemoData.swift */ = {isa = PBXFileReference; lastKnownFileType = sourcecode.swift; path = MemoData.swift; sourceTree = "<group>"; };
		CF41A81A227B42E100F5D64C /* UserInfoManager.swift */ = {isa = PBXFileReference; lastKnownFileType = sourcecode.swift; path = UserInfoManager.swift; sourceTree = "<group>"; };
		CF41A81C227C3CE500F5D64C /* Tutorial.storyboard */ = {isa = PBXFileReference; lastKnownFileType = file.storyboard; path = Tutorial.storyboard; sourceTree = "<group>"; };
		CF41A81E227C414D00F5D64C /* Utils.swift */ = {isa = PBXFileReference; lastKnownFileType = sourcecode.swift; path = Utils.swift; sourceTree = "<group>"; };
		CF41A820227C41E200F5D64C /* TutorialContentsVC.swift */ = {isa = PBXFileReference; lastKnownFileType = sourcecode.swift; path = TutorialContentsVC.swift; sourceTree = "<group>"; };
		CF41A823227C431D00F5D64C /* TutorialMasterVC.swift */ = {isa = PBXFileReference; lastKnownFileType = sourcecode.swift; path = TutorialMasterVC.swift; sourceTree = "<group>"; };
		CFAE3FDE22781FE400B19ACD /* CSLogButton.swift */ = {isa = PBXFileReference; lastKnownFileType = sourcecode.swift; path = CSLogButton.swift; sourceTree = "<group>"; };
		CFAE3FE02278209B00B19ACD /* memo-background@2x.png */ = {isa = PBXFileReference; lastKnownFileType = image.png; path = "memo-background@2x.png"; sourceTree = "<group>"; };
		CFAE3FE12278209B00B19ACD /* warning-icon-60@2x.png */ = {isa = PBXFileReference; lastKnownFileType = image.png; path = "warning-icon-60@2x.png"; sourceTree = "<group>"; };
		CFAE3FE22278209B00B19ACD /* button-bg.png */ = {isa = PBXFileReference; lastKnownFileType = image.png; path = "button-bg.png"; sourceTree = "<group>"; };
		CFDD0CD6227952F40031B761 /* MyMemory-Bridging-Header.h */ = {isa = PBXFileReference; lastKnownFileType = sourcecode.c.h; path = "MyMemory-Bridging-Header.h"; sourceTree = "<group>"; };
		CFDD0CD7227952F50031B761 /* SWRevealViewController.m */ = {isa = PBXFileReference; fileEncoding = 4; lastKnownFileType = sourcecode.c.objc; path = SWRevealViewController.m; sourceTree = "<group>"; };
		CFDD0CD8227952F50031B761 /* SWRevealViewController.h */ = {isa = PBXFileReference; fileEncoding = 4; lastKnownFileType = sourcecode.c.h; path = SWRevealViewController.h; sourceTree = "<group>"; };
		CFDD0CDA2279533F0031B761 /* profile-bg.png */ = {isa = PBXFileReference; lastKnownFileType = image.png; path = "profile-bg.png"; sourceTree = "<group>"; };
		CFDD0CDB2279533F0031B761 /* icon05.png */ = {isa = PBXFileReference; lastKnownFileType = image.png; path = icon05.png; sourceTree = "<group>"; };
		CFDD0CDC2279533F0031B761 /* sidemenu.png */ = {isa = PBXFileReference; lastKnownFileType = image.png; path = sidemenu.png; sourceTree = "<group>"; };
		CFDD0CDD227953400031B761 /* icon02.png */ = {isa = PBXFileReference; lastKnownFileType = image.png; path = icon02.png; sourceTree = "<group>"; };
		CFDD0CDE227953400031B761 /* icon03.png */ = {isa = PBXFileReference; lastKnownFileType = image.png; path = icon03.png; sourceTree = "<group>"; };
		CFDD0CDF227953400031B761 /* icon01.png */ = {isa = PBXFileReference; lastKnownFileType = image.png; path = icon01.png; sourceTree = "<group>"; };
		CFDD0CE0227953400031B761 /* icon04.png */ = {isa = PBXFileReference; lastKnownFileType = image.png; path = icon04.png; sourceTree = "<group>"; };
		CFDD0CE1227953400031B761 /* icon06.png */ = {isa = PBXFileReference; lastKnownFileType = image.png; path = icon06.png; sourceTree = "<group>"; };
		CFDD0CEA227955CA0031B761 /* SideBarVC.swift */ = {isa = PBXFileReference; lastKnownFileType = sourcecode.swift; path = SideBarVC.swift; sourceTree = "<group>"; };
		CFDD0CEC227959300031B761 /* account@2x.jpg */ = {isa = PBXFileReference; lastKnownFileType = image.jpeg; path = "account@2x.jpg"; sourceTree = "<group>"; };
		CFDD0CEE22795BEC0031B761 /* ProfileVC.swift */ = {isa = PBXFileReference; lastKnownFileType = sourcecode.swift; path = ProfileVC.swift; sourceTree = "<group>"; };
/* End PBXFileReference section */

/* Begin PBXFrameworksBuildPhase section */
		CF1D0B10226ED0650064217F /* Frameworks */ = {
			isa = PBXFrameworksBuildPhase;
			buildActionMask = 2147483647;
			files = (
			);
			runOnlyForDeploymentPostprocessing = 0;
		};
/* End PBXFrameworksBuildPhase section */

/* Begin PBXGroup section */
		CF0DF02C226FF96900E3FB85 /* Resource */ = {
			isa = PBXGroup;
			children = (
				CF0DF02D226FF97B00E3FB85 /* fountainpen@2x.png */,
				CFAE3FE22278209B00B19ACD /* button-bg.png */,
				CFAE3FE02278209B00B19ACD /* memo-background@2x.png */,
				CFAE3FE12278209B00B19ACD /* warning-icon-60@2x.png */,
				CFDD0CDF227953400031B761 /* icon01.png */,
				CFDD0CDD227953400031B761 /* icon02.png */,
				CFDD0CDE227953400031B761 /* icon03.png */,
				CFDD0CE0227953400031B761 /* icon04.png */,
				CFDD0CDB2279533F0031B761 /* icon05.png */,
				CFDD0CE1227953400031B761 /* icon06.png */,
				CFDD0CEC227959300031B761 /* account@2x.jpg */,
				CFDD0CDA2279533F0031B761 /* profile-bg.png */,
				CFDD0CDC2279533F0031B761 /* sidemenu.png */,
			);
			path = Resource;
			sourceTree = "<group>";
		};
		CF1D0B0A226ED0650064217F = {
			isa = PBXGroup;
			children = (
				CF0DF02C226FF96900E3FB85 /* Resource */,
				CF1D0B15226ED0650064217F /* MyMemory */,
				CF1D0B14226ED0650064217F /* Products */,
			);
			sourceTree = "<group>";
		};
		CF1D0B14226ED0650064217F /* Products */ = {
			isa = PBXGroup;
			children = (
				CF1D0B13226ED0650064217F /* MyMemory.app */,
			);
			name = Products;
			sourceTree = "<group>";
		};
		CF1D0B15226ED0650064217F /* MyMemory */ = {
			isa = PBXGroup;
			children = (
				CF41A822227C420000F5D64C /* Tutorial */,
				CFDD0CD8227952F50031B761 /* SWRevealViewController.h */,
				CFDD0CD7227952F50031B761 /* SWRevealViewController.m */,
				CF1D0B16226ED0650064217F /* AppDelegate.swift */,
				CF1D0B1A226ED0650064217F /* Main.storyboard */,
				CF41A81C227C3CE500F5D64C /* Tutorial.storyboard */,
				CF1D0B20226ED0660064217F /* Assets.xcassets */,
				CF1D0B22226ED0660064217F /* LaunchScreen.storyboard */,
				CF1D0B25226ED0660064217F /* Info.plist */,
				CF1D0B1D226ED0650064217F /* MyMemory.xcdatamodeld */,
				CF41A81E227C414D00F5D64C /* Utils.swift */,
				CF1D0B2B226EE07E0064217F /* MemoListVC.swift */,
				CF1D0B2D226EE0E30064217F /* MemoFormVC.swift */,
				CF1D0B2F226EE0F20064217F /* MemoReadVC.swift */,
				CF1D0B31226EE1220064217F /* MemoCell.swift */,
				CF1D0B33226EE1500064217F /* MemoData.swift */,
				CFAE3FDE22781FE400B19ACD /* CSLogButton.swift */,
				CFDD0CEA227955CA0031B761 /* SideBarVC.swift */,
				CFDD0CEE22795BEC0031B761 /* ProfileVC.swift */,
				CF41A81A227B42E100F5D64C /* UserInfoManager.swift */,
				CFDD0CD6227952F40031B761 /* MyMemory-Bridging-Header.h */,
			);
			path = MyMemory;
			sourceTree = "<group>";
		};
		CF41A822227C420000F5D64C /* Tutorial */ = {
			isa = PBXGroup;
			children = (
				CF41A820227C41E200F5D64C /* TutorialContentsVC.swift */,
				CF41A823227C431D00F5D64C /* TutorialMasterVC.swift */,
			);
			path = Tutorial;
			sourceTree = "<group>";
		};
/* End PBXGroup section */

/* Begin PBXNativeTarget section */
		CF1D0B12226ED0650064217F /* MyMemory */ = {
			isa = PBXNativeTarget;
			buildConfigurationList = CF1D0B28226ED0660064217F /* Build configuration list for PBXNativeTarget "MyMemory" */;
			buildPhases = (
				CF1D0B0F226ED0650064217F /* Sources */,
				CF1D0B10226ED0650064217F /* Frameworks */,
				CF1D0B11226ED0650064217F /* Resources */,
			);
			buildRules = (
			);
			dependencies = (
			);
			name = MyMemory;
			productName = MyMemory;
			productReference = CF1D0B13226ED0650064217F /* MyMemory.app */;
			productType = "com.apple.product-type.application";
		};
/* End PBXNativeTarget section */

/* Begin PBXProject section */
		CF1D0B0B226ED0650064217F /* Project object */ = {
			isa = PBXProject;
			attributes = {
				LastSwiftUpdateCheck = 1020;
				LastUpgradeCheck = 1020;
				ORGANIZATIONNAME = "JaeUng Hyun";
				TargetAttributes = {
					CF1D0B12226ED0650064217F = {
						CreatedOnToolsVersion = 10.2.1;
						LastSwiftMigration = 1020;
					};
				};
			};
			buildConfigurationList = CF1D0B0E226ED0650064217F /* Build configuration list for PBXProject "MyMemory" */;
			compatibilityVersion = "Xcode 9.3";
			developmentRegion = en;
			hasScannedForEncodings = 0;
			knownRegions = (
				en,
				Base,
			);
			mainGroup = CF1D0B0A226ED0650064217F;
			productRefGroup = CF1D0B14226ED0650064217F /* Products */;
			projectDirPath = "";
			projectRoot = "";
			targets = (
				CF1D0B12226ED0650064217F /* MyMemory */,
			);
		};
/* End PBXProject section */

/* Begin PBXResourcesBuildPhase section */
		CF1D0B11226ED0650064217F /* Resources */ = {
			isa = PBXResourcesBuildPhase;
			buildActionMask = 2147483647;
			files = (
				CFDD0CE2227953400031B761 /* profile-bg.png in Resources */,
				CFDD0CE3227953400031B761 /* icon05.png in Resources */,
				CFAE3FE32278209B00B19ACD /* memo-background@2x.png in Resources */,
				CF1D0B24226ED0660064217F /* LaunchScreen.storyboard in Resources */,
				CFDD0CED227959310031B761 /* account@2x.jpg in Resources */,
				CF1D0B21226ED0660064217F /* Assets.xcassets in Resources */,
				CF0DF02E226FF97B00E3FB85 /* fountainpen@2x.png in Resources */,
				CFDD0CE7227953400031B761 /* icon01.png in Resources */,
				CFAE3FE52278209B00B19ACD /* button-bg.png in Resources */,
				CFDD0CE8227953400031B761 /* icon04.png in Resources */,
				CFDD0CE9227953400031B761 /* icon06.png in Resources */,
				CF41A81D227C3CE500F5D64C /* Tutorial.storyboard in Resources */,
				CFDD0CE5227953400031B761 /* icon02.png in Resources */,
				CFDD0CE4227953400031B761 /* sidemenu.png in Resources */,
				CFDD0CE6227953400031B761 /* icon03.png in Resources */,
				CFAE3FE42278209B00B19ACD /* warning-icon-60@2x.png in Resources */,
				CF1D0B1C226ED0650064217F /* Main.storyboard in Resources */,
			);
			runOnlyForDeploymentPostprocessing = 0;
		};
/* End PBXResourcesBuildPhase section */

/* Begin PBXSourcesBuildPhase section */
		CF1D0B0F226ED0650064217F /* Sources */ = {
			isa = PBXSourcesBuildPhase;
			buildActionMask = 2147483647;
			files = (
				CFAE3FDF22781FE400B19ACD /* CSLogButton.swift in Sources */,
				CF1D0B2C226EE07E0064217F /* MemoListVC.swift in Sources */,
				CF41A81B227B42E100F5D64C /* UserInfoManager.swift in Sources */,
				CF1D0B30226EE0F30064217F /* MemoReadVC.swift in Sources */,
				CF1D0B1F226ED0650064217F /* MyMemory.xcdatamodeld in Sources */,
				CF41A81F227C414D00F5D64C /* Utils.swift in Sources */,
				CF1D0B34226EE1500064217F /* MemoData.swift in Sources */,
				CFDD0CEB227955CA0031B761 /* SideBarVC.swift in Sources */,
				CF41A821227C41E200F5D64C /* TutorialContentsVC.swift in Sources */,
				CFDD0CD9227952F50031B761 /* SWRevealViewController.m in Sources */,
				CF1D0B2E226EE0E30064217F /* MemoFormVC.swift in Sources */,
				CF1D0B17226ED0650064217F /* AppDelegate.swift in Sources */,
				CF41A824227C431D00F5D64C /* TutorialMasterVC.swift in Sources */,
				CFDD0CEF22795BEC0031B761 /* ProfileVC.swift in Sources */,
				CF1D0B32226EE1220064217F /* MemoCell.swift in Sources */,
			);
			runOnlyForDeploymentPostprocessing = 0;
		};
/* End PBXSourcesBuildPhase section */

/* Begin PBXVariantGroup section */
		CF1D0B1A226ED0650064217F /* Main.storyboard */ = {
			isa = PBXVariantGroup;
			children = (
				CF1D0B1B226ED0650064217F /* Base */,
			);
			name = Main.storyboard;
			sourceTree = "<group>";
		};
		CF1D0B22226ED0660064217F /* LaunchScreen.storyboard */ = {
			isa = PBXVariantGroup;
			children = (
				CF1D0B23226ED0660064217F /* Base */,
			);
			name = LaunchScreen.storyboard;
			sourceTree = "<group>";
		};
/* End PBXVariantGroup section */

/* Begin XCBuildConfiguration section */
		CF1D0B26226ED0660064217F /* Debug */ = {
			isa = XCBuildConfiguration;
			buildSettings = {
				ALWAYS_SEARCH_USER_PATHS = NO;
				CLANG_ANALYZER_NONNULL = YES;
				CLANG_ANALYZER_NUMBER_OBJECT_CONVERSION = YES_AGGRESSIVE;
				CLANG_CXX_LANGUAGE_STANDARD = "gnu++14";
				CLANG_CXX_LIBRARY = "libc++";
				CLANG_ENABLE_MODULES = YES;
				CLANG_ENABLE_OBJC_ARC = YES;
				CLANG_ENABLE_OBJC_WEAK = YES;
				CLANG_WARN_BLOCK_CAPTURE_AUTORELEASING = YES;
				CLANG_WARN_BOOL_CONVERSION = YES;
				CLANG_WARN_COMMA = YES;
				CLANG_WARN_CONSTANT_CONVERSION = YES;
				CLANG_WARN_DEPRECATED_OBJC_IMPLEMENTATIONS = YES;
				CLANG_WARN_DIRECT_OBJC_ISA_USAGE = YES_ERROR;
				CLANG_WARN_DOCUMENTATION_COMMENTS = YES;
				CLANG_WARN_EMPTY_BODY = YES;
				CLANG_WARN_ENUM_CONVERSION = YES;
				CLANG_WARN_INFINITE_RECURSION = YES;
				CLANG_WARN_INT_CONVERSION = YES;
				CLANG_WARN_NON_LITERAL_NULL_CONVERSION = YES;
				CLANG_WARN_OBJC_IMPLICIT_RETAIN_SELF = YES;
				CLANG_WARN_OBJC_LITERAL_CONVERSION = YES;
				CLANG_WARN_OBJC_ROOT_CLASS = YES_ERROR;
				CLANG_WARN_RANGE_LOOP_ANALYSIS = YES;
				CLANG_WARN_STRICT_PROTOTYPES = YES;
				CLANG_WARN_SUSPICIOUS_MOVE = YES;
				CLANG_WARN_UNGUARDED_AVAILABILITY = YES_AGGRESSIVE;
				CLANG_WARN_UNREACHABLE_CODE = YES;
				CLANG_WARN__DUPLICATE_METHOD_MATCH = YES;
				CODE_SIGN_IDENTITY = "iPhone Developer";
				COPY_PHASE_STRIP = NO;
				DEBUG_INFORMATION_FORMAT = dwarf;
				ENABLE_STRICT_OBJC_MSGSEND = YES;
				ENABLE_TESTABILITY = YES;
				GCC_C_LANGUAGE_STANDARD = gnu11;
				GCC_DYNAMIC_NO_PIC = NO;
				GCC_NO_COMMON_BLOCKS = YES;
				GCC_OPTIMIZATION_LEVEL = 0;
				GCC_PREPROCESSOR_DEFINITIONS = (
					"DEBUG=1",
					"$(inherited)",
				);
				GCC_WARN_64_TO_32_BIT_CONVERSION = YES;
				GCC_WARN_ABOUT_RETURN_TYPE = YES_ERROR;
				GCC_WARN_UNDECLARED_SELECTOR = YES;
				GCC_WARN_UNINITIALIZED_AUTOS = YES_AGGRESSIVE;
				GCC_WARN_UNUSED_FUNCTION = YES;
				GCC_WARN_UNUSED_VARIABLE = YES;
				IPHONEOS_DEPLOYMENT_TARGET = 12.2;
				MTL_ENABLE_DEBUG_INFO = INCLUDE_SOURCE;
				MTL_FAST_MATH = YES;
				ONLY_ACTIVE_ARCH = YES;
				SDKROOT = iphoneos;
				SWIFT_ACTIVE_COMPILATION_CONDITIONS = DEBUG;
				SWIFT_OPTIMIZATION_LEVEL = "-Onone";
			};
			name = Debug;
		};
		CF1D0B27226ED0660064217F /* Release */ = {
			isa = XCBuildConfiguration;
			buildSettings = {
				ALWAYS_SEARCH_USER_PATHS = NO;
				CLANG_ANALYZER_NONNULL = YES;
				CLANG_ANALYZER_NUMBER_OBJECT_CONVERSION = YES_AGGRESSIVE;
				CLANG_CXX_LANGUAGE_STANDARD = "gnu++14";
				CLANG_CXX_LIBRARY = "libc++";
				CLANG_ENABLE_MODULES = YES;
				CLANG_ENABLE_OBJC_ARC = YES;
				CLANG_ENABLE_OBJC_WEAK = YES;
				CLANG_WARN_BLOCK_CAPTURE_AUTORELEASING = YES;
				CLANG_WARN_BOOL_CONVERSION = YES;
				CLANG_WARN_COMMA = YES;
				CLANG_WARN_CONSTANT_CONVERSION = YES;
				CLANG_WARN_DEPRECATED_OBJC_IMPLEMENTATIONS = YES;
				CLANG_WARN_DIRECT_OBJC_ISA_USAGE = YES_ERROR;
				CLANG_WARN_DOCUMENTATION_COMMENTS = YES;
				CLANG_WARN_EMPTY_BODY = YES;
				CLANG_WARN_ENUM_CONVERSION = YES;
				CLANG_WARN_INFINITE_RECURSION = YES;
				CLANG_WARN_INT_CONVERSION = YES;
				CLANG_WARN_NON_LITERAL_NULL_CONVERSION = YES;
				CLANG_WARN_OBJC_IMPLICIT_RETAIN_SELF = YES;
				CLANG_WARN_OBJC_LITERAL_CONVERSION = YES;
				CLANG_WARN_OBJC_ROOT_CLASS = YES_ERROR;
				CLANG_WARN_RANGE_LOOP_ANALYSIS = YES;
				CLANG_WARN_STRICT_PROTOTYPES = YES;
				CLANG_WARN_SUSPICIOUS_MOVE = YES;
				CLANG_WARN_UNGUARDED_AVAILABILITY = YES_AGGRESSIVE;
				CLANG_WARN_UNREACHABLE_CODE = YES;
				CLANG_WARN__DUPLICATE_METHOD_MATCH = YES;
				CODE_SIGN_IDENTITY = "iPhone Developer";
				COPY_PHASE_STRIP = NO;
				DEBUG_INFORMATION_FORMAT = "dwarf-with-dsym";
				ENABLE_NS_ASSERTIONS = NO;
				ENABLE_STRICT_OBJC_MSGSEND = YES;
				GCC_C_LANGUAGE_STANDARD = gnu11;
				GCC_NO_COMMON_BLOCKS = YES;
				GCC_WARN_64_TO_32_BIT_CONVERSION = YES;
				GCC_WARN_ABOUT_RETURN_TYPE = YES_ERROR;
				GCC_WARN_UNDECLARED_SELECTOR = YES;
				GCC_WARN_UNINITIALIZED_AUTOS = YES_AGGRESSIVE;
				GCC_WARN_UNUSED_FUNCTION = YES;
				GCC_WARN_UNUSED_VARIABLE = YES;
				IPHONEOS_DEPLOYMENT_TARGET = 12.2;
				MTL_ENABLE_DEBUG_INFO = NO;
				MTL_FAST_MATH = YES;
				SDKROOT = iphoneos;
				SWIFT_COMPILATION_MODE = wholemodule;
				SWIFT_OPTIMIZATION_LEVEL = "-O";
				VALIDATE_PRODUCT = YES;
			};
			name = Release;
		};
		CF1D0B29226ED0660064217F /* Debug */ = {
			isa = XCBuildConfiguration;
			buildSettings = {
				ASSETCATALOG_COMPILER_APPICON_NAME = AppIcon;
				CLANG_ENABLE_MODULES = YES;
				CODE_SIGN_STYLE = Automatic;
				DEVELOPMENT_TEAM = 5ZQZ9P8NHF;
				INFOPLIST_FILE = MyMemory/Info.plist;
				LD_RUNPATH_SEARCH_PATHS = (
					"$(inherited)",
					"@executable_path/Frameworks",
				);
				PRODUCT_BUNDLE_IDENTIFIER = io.github.jaeunghyun.MyMemory;
				PRODUCT_NAME = "$(TARGET_NAME)";
				SWIFT_OBJC_BRIDGING_HEADER = "MyMemory/MyMemory-Bridging-Header.h";
				SWIFT_OPTIMIZATION_LEVEL = "-Onone";
				SWIFT_VERSION = 5.0;
				TARGETED_DEVICE_FAMILY = "1,2";
			};
			name = Debug;
		};
		CF1D0B2A226ED0660064217F /* Release */ = {
			isa = XCBuildConfiguration;
			buildSettings = {
				ASSETCATALOG_COMPILER_APPICON_NAME = AppIcon;
				CLANG_ENABLE_MODULES = YES;
				CODE_SIGN_STYLE = Automatic;
				DEVELOPMENT_TEAM = 5ZQZ9P8NHF;
				INFOPLIST_FILE = MyMemory/Info.plist;
				LD_RUNPATH_SEARCH_PATHS = (
					"$(inherited)",
					"@executable_path/Frameworks",
				);
				PRODUCT_BUNDLE_IDENTIFIER = io.github.jaeunghyun.MyMemory;
				PRODUCT_NAME = "$(TARGET_NAME)";
				SWIFT_OBJC_BRIDGING_HEADER = "MyMemory/MyMemory-Bridging-Header.h";
				SWIFT_VERSION = 5.0;
				TARGETED_DEVICE_FAMILY = "1,2";
			};
			name = Release;
		};
/* End XCBuildConfiguration section */

/* Begin XCConfigurationList section */
		CF1D0B0E226ED0650064217F /* Build configuration list for PBXProject "MyMemory" */ = {
			isa = XCConfigurationList;
			buildConfigurations = (
				CF1D0B26226ED0660064217F /* Debug */,
				CF1D0B27226ED0660064217F /* Release */,
			);
			defaultConfigurationIsVisible = 0;
			defaultConfigurationName = Release;
		};
		CF1D0B28226ED0660064217F /* Build configuration list for PBXNativeTarget "MyMemory" */ = {
			isa = XCConfigurationList;
			buildConfigurations = (
				CF1D0B29226ED0660064217F /* Debug */,
				CF1D0B2A226ED0660064217F /* Release */,
			);
			defaultConfigurationIsVisible = 0;
			defaultConfigurationName = Release;
		};
/* End XCConfigurationList section */

/* Begin XCVersionGroup section */
		CF1D0B1D226ED0650064217F /* MyMemory.xcdatamodeld */ = {
			isa = XCVersionGroup;
			children = (
				CF1D0B1E226ED0650064217F /* MyMemory.xcdatamodel */,
			);
			currentVersion = CF1D0B1E226ED0650064217F /* MyMemory.xcdatamodel */;
			path = MyMemory.xcdatamodeld;
			sourceTree = "<group>";
			versionGroupType = wrapper.xcdatamodel;
		};
/* End XCVersionGroup section */
	};
	rootObject = CF1D0B0B226ED0650064217F /* Project object */;
}
